
Microsoft Visual Studio Solution File, Format Version 12.00
# Visual Studio Version 16
VisualStudioVersion = 16.0.31424.327
MinimumVisualStudioVersion = 10.0.40219.1
Project("{FAE04EC0-301F-11D3-BF4B-00C04F79EFBC}") = "AbilityScoreCalculator", "AbilityScoreCalculator.csproj", "{4F1CB044-1A13-4ADB-ABE0-23AF2D4C9CC5}"
EndProject
Global
	GlobalSection(SolutionConfigurationPlatforms) = preSolution
		Debug|Any CPU = Debug|Any CPU
		Release|Any CPU = Release|Any CPU
	EndGlobalSection
	GlobalSection(ProjectConfigurationPlatforms) = postSolution
		{4F1CB044-1A13-4ADB-ABE0-23AF2D4C9CC5}.Debug|Any CPU.ActiveCfg = Debug|Any CPU
		{4F1CB044-1A13-4ADB-ABE0-23AF2D4C9CC5}.Debug|Any CPU.Build.0 = Debug|Any CPU
		{4F1CB044-1A13-4ADB-ABE0-23AF2D4C9CC5}.Release|Any CPU.ActiveCfg = Release|Any CPU
		{4F1CB044-1A13-4ADB-ABE0-23AF2D4C9CC5}.Release|Any CPU.Build.0 = Release|Any CPU
	EndGlobalSection
	GlobalSection(SolutionProperties) = preSolution
		HideSolutionNode = FALSE
	EndGlobalSection
	GlobalSection(ExtensibilityGlobals) = postSolution
		SolutionGuid = {C2461E96-D520-47F4-B7EB-E582EFD7DB64}
	EndGlobalSection
EndGlobal
